{
    "_meta": {
        "hash": {
            "sha256": "46dbff68d5513323444e220ff3729fb471640323cb5ab2e9d07b0843760b5b1b"
        },
        "pipfile-spec": 6,
        "requires": {
            "python_version": "3.6"
        },
        "sources": [
            {
                "name": "pypi",
                "url": "https://pypi.org/simple",
                "verify_ssl": true
            }
        ]
    },
    "default": {
        "certifi": {
            "hashes": [
                "sha256:2bbf76fd432960138b3ef6dda3dde0544f27cbf8546c458e60baf371917ba9ee",
                "sha256:50b1e4f8446b06f41be7dd6338db18e0990601dce795c2b1686458aa7e8fa7d8"
            ],
            "version": "==2021.5.30"
        },
        "charset-normalizer": {
            "hashes": [
                "sha256:5d209c0a931f215cee683b6445e2d77677e7e75e159f78def0db09d68fafcaa6",
                "sha256:5ec46d183433dcbd0ab716f2d7f29d8dee50505b3fdb40c6b985c7c4f5a3591f"
            ],
            "markers": "python_version >= '3'",
            "version": "==2.0.6"
        },
        "click": {
            "hashes": [
                "sha256:8c04c11192119b1ef78ea049e0a6f0463e4c48ef00a30160c704337586f3ad7a",
                "sha256:fba402a4a47334742d782209a7c79bc448911afe1149d07bdabdf480b3e2f4b6"
            ],
            "markers": "python_version >= '3.6'",
            "version": "==8.0.1"
        },
        "cymem": {
            "hashes": [
                "sha256:01d3ea159f7a3f3192b1e800ed8207dac7586794d903a153198b9ea317f144bc",
                "sha256:190e15d9cf2c3bde60ae37bddbae6568a36044dc4a326d84081a5fa08818eee0",
                "sha256:1f0eb9b3d03623dcfc746cf8bff0663b0e347f4aea759965c8932087a0307ee9",
                "sha256:3d48902d7441645835fefc7832df49feb5362c7300d182475b63a01d25ae44ef",
                "sha256:4bd023c2477198b39b660c2a6b0242880649765ecee8461688a57fd4afd2bfc0",
                "sha256:734d82d0d03c2ceb929bc1744c04dbe0a105e68a4947c8406056a36f86c41830",
                "sha256:8ea57e6923f40eb51012352161bb5707c14a5a5ce901ff72021e59df06221655",
                "sha256:9d72d69f7a62a280199c3aa7bc550685c47d6d0689b2d299e6492253b86d2437",
                "sha256:a440d63577fcdc9c528c9cc026b7b4f8648193bac462bc0596c9eac10f9fba62",
                "sha256:ce1e81c1d031f56b67bac2136e73b4512cbc794706cd570178972d54ba6115d8",
                "sha256:d19f68b90411e02ab33b1654118337f96f41c13a3cd00c4f44f7abed2bc712e7",
                "sha256:d307f7f6230d861a938837cae4b855226b6845a21c010242a15e9ce6853856cd",
                "sha256:f2167c9959fcd639b95d51fa5efaa7c61eef8d686cb75a25412a914f428ce980"
            ],
            "version": "==2.0.5"
        },
        "cytoolz": {
            "hashes": [
                "sha256:84cc06fa40aa310f2df79dd440fc5f84c3e20f01f9f7783fc9c38d0a11ba00e5"
            ],
            "version": "==0.9.0.1"
        },
        "dill": {
            "hashes": [
                "sha256:624dc244b94371bb2d6e7f40084228a2edfff02373fe20e018bef1ee92fdd5b3"
            ],
            "index": "pypi",
            "version": "==0.2.8.2"
        },
        "django": {
            "hashes": [
                "sha256:acdcc1f61fdb0a0c82a1d3bf1879a414e7732ea894a7632af7f6d66ec7ab5bb3",
                "sha256:efbcad7ebb47daafbcead109b38a5bd519a3c3cd92c6ed0f691ff97fcdd16b45"
            ],
            "index": "pypi",
            "version": "==2.1.2"
        },
        "django-cors-headers": {
            "hashes": [
                "sha256:5545009c9b233ea7e70da7dbab7cb1c12afa01279895086f98ec243d7eab46fa",
                "sha256:c4c2ee97139d18541a1be7d96fe337d1694623816d83f53cb7c00da9b94acae1"
            ],
            "index": "pypi",
            "version": "==2.4.0"
        },
        "gunicorn": {
            "hashes": [
                "sha256:aa8e0b40b4157b36a5df5e599f45c9c76d6af43845ba3b3b0efe2c70473c2471",
                "sha256:fa2662097c66f920f53f70621c6c58ca4a3c4d3434205e608e121b5b3b71f4f3"
            ],
            "index": "pypi",
            "version": "==19.9.0"
        },
        "idna": {
            "hashes": [
                "sha256:14475042e284991034cb48e06f6851428fb14c4dc953acd9be9a5e95c7b6dd7a",
                "sha256:467fbad99067910785144ce333826c71fb0e63a425657295239737f7ecd125f3"
            ],
            "markers": "python_version >= '3'",
            "version": "==3.2"
        },
        "importlib-metadata": {
            "hashes": [
                "sha256:b618b6d2d5ffa2f16add5697cf57a46c76a56229b0ed1c438322e4e95645bd15",
                "sha256:f284b3e11256ad1e5d03ab86bb2ccd6f5339688ff17a4d797a0fe7df326f23b1"
            ],
            "markers": "python_version < '3.8'",
            "version": "==4.8.1"
        },
        "joblib": {
            "hashes": [
                "sha256:9c17567692206d2f3fb9ecf5e991084254fe631665c450b443761c4186a613f7",
                "sha256:feeb1ec69c4d45129954f1b7034954241eedfd6ba39b5e9e4b6883be3332d5e5"
            ],
            "markers": "python_version >= '3.6'",
            "version": "==1.0.1"
        },
        "msgpack": {
            "hashes": [
                "sha256:0b3b1773d2693c70598585a34ca2715873ba899565f0a7c9a1545baef7e7fbdc",
                "sha256:0bae5d1538c5c6a75642f75a1781f3ac2275d744a92af1a453c150da3446138b",
                "sha256:0ee8c8c85aa651be3aa0cd005b5931769eaa658c948ce79428766f1bd46ae2c3",
                "sha256:1369f9edba9500c7a6489b70fdfac773e925342f4531f1e3d4c20ac3173b1ae0",
                "sha256:22d9c929d1d539f37da3d1b0e16270fa9d46107beab8c0d4d2bddffffe895cee",
                "sha256:2ff43e3247a1e11d544017bb26f580a68306cec7a6257d8818893c1fda665f42",
                "sha256:31a98047355d34d047fcdb55b09cb19f633cf214c705a765bd745456c142130c",
                "sha256:8767eb0032732c3a0da92cbec5ac186ef89a3258c6edca09161472ca0206c45f",
                "sha256:8acc8910218555044e23826980b950e96685dc48124a290c86f6f41a296ea172",
                "sha256:ab189a6365be1860a5ecf8159c248f12d33f79ea799ae9695fa6a29896dcf1d4",
                "sha256:cfd6535feb0f1cf1c7cdb25773e965cc9f92928244a8c3ef6f8f8a8e1f7ae5c4",
                "sha256:e274cd4480d8c76ec467a85a9c6635bbf2258f0649040560382ab58cabb44bcf",
                "sha256:f86642d60dca13e93260187d56c2bef2487aa4d574a669e8ceefcf9f4c26fd00",
                "sha256:f8a57cbda46a94ed0db55b73e6ab0c15e78b4ede8690fa491a0e55128d552bb0",
                "sha256:fcea97a352416afcbccd7af9625159d80704a25c519c251c734527329bb20d0e"
            ],
            "version": "==0.5.6"
        },
        "msgpack-numpy": {
            "hashes": [
                "sha256:0a8256ffcbee7fef50eff89a452e8873089e03d0bf88d83af87023ac71fdcf68",
                "sha256:7253c389db3d858101bc38272c2f14936f5760e889cccf0d5683375327b6915d"
            ],
            "version": "==0.4.3.2"
        },
        "murmurhash": {
            "hashes": [
                "sha256:023391cfefe584ac544c1ea0936976c0119b17dd27bb8280652cef1704f76428",
                "sha256:23c56182822a1ed88e2a098ac56958dfec380696a9a943df203b9b41e4bcf5e4",
                "sha256:76251513a2acad6c2e4b7aeffc5fcb807ee97a66cad5c2990557556555a6b7e9",
                "sha256:81474a45c4074637a6dfc8fea4cdebf091ab5aa781c2cfcb94c43b16030badd7",
                "sha256:8381172e03c5f6f947005fb146a53c5e5a9e0d630be4a40cbf8838e9324bfe1c",
                "sha256:892749023da26420d194f37bfa30df1368aaac0149cfa3b2105db36b66549e37",
                "sha256:98ec9d727bd998a35385abd56b062cf0cca216725ea7ec5068604ab566f7e97f",
                "sha256:99e55488476a5f70e8d305fd31258f140e52f724f788bcc50c31ec846a2b3766",
                "sha256:a9bd2312996e6e47605af305a1e5f091eba1bdd637cdd9986aec4885cb4c5530",
                "sha256:add366944eb8ec73013a4f36e166c5a4f0f7628ffe1746bc5fe031347489e5e8",
                "sha256:b9292c532538cf47846ca81056cfeab08b877c35fe7521d6524aa92ddcd833e2",
                "sha256:d4c3a0242014cf4c84e9ea0ba3f13b48f02a3992de3da7b1116d11b816451195",
                "sha256:d58315961dc5a5e740f41f2ac5c3a0ebc61ef472f8afeb4db7eeb3b863243105",
                "sha256:ef8819d15973e0d6f69688bafc097a1fae081675c1de39807028869a1320b1a9",
                "sha256:f00321998f0a6bad3fd068babf448a296d4b0b1f4dd424cab863ebe5ed54182f",
                "sha256:fd17973fd4554715efd8d86b3e9200358e49e437fdb92a897ca127aced48b61c",
                "sha256:fed7578fbaa6c301f27ed80834c1f7494ea7d335e269e98b9aee477cf0b3b487"
            ],
            "version": "==1.0.5"
        },
        "nltk": {
            "hashes": [
                "sha256:5db64a976e88cef0db9200c7f25aeceba8a86efbe09cc824f01a6d3163f7e937",
                "sha256:665225d585367f64a73ff1cb436964b425304dc772406653412e19dfe0157688"
            ],
            "index": "pypi",
            "version": "==3.6.3"
        },
        "numpy": {
            "hashes": [
                "sha256:012426a41bc9ab63bb158635aecccc7610e3eff5d31d1eb43bc099debc979d94",
                "sha256:06fab248a088e439402141ea04f0fffb203723148f6ee791e9c75b3e9e82f080",
                "sha256:0eef32ca3132a48e43f6a0f5a82cb508f22ce5a3d6f67a8329c81c8e226d3f6e",
                "sha256:1ded4fce9cfaaf24e7a0ab51b7a87be9038ea1ace7f34b841fe3b6894c721d1c",
                "sha256:2e55195bc1c6b705bfd8ad6f288b38b11b1af32f3c8289d6c50d47f950c12e76",
                "sha256:2ea52bd92ab9f768cc64a4c3ef8f4b2580a17af0a5436f6126b08efbd1838371",
                "sha256:36674959eed6957e61f11c912f71e78857a8d0604171dfd9ce9ad5cbf41c511c",
                "sha256:384ec0463d1c2671170901994aeb6dce126de0a95ccc3976c43b0038a37329c2",
                "sha256:39b70c19ec771805081578cc936bbe95336798b7edf4732ed102e7a43ec5c07a",
                "sha256:400580cbd3cff6ffa6293df2278c75aef2d58d8d93d3c5614cd67981dae68ceb",
                "sha256:43d4c81d5ffdff6bae58d66a3cd7f54a7acd9a0e7b18d97abb255defc09e3140",
                "sha256:50a4a0ad0111cc1b71fa32dedd05fa239f7fb5a43a40663269bb5dc7877cfd28",
                "sha256:603aa0706be710eea8884af807b1b3bc9fb2e49b9f4da439e76000f3b3c6ff0f",
                "sha256:6149a185cece5ee78d1d196938b2a8f9d09f5a5ebfbba66969302a778d5ddd1d",
                "sha256:759e4095edc3c1b3ac031f34d9459fa781777a93ccc633a472a5468587a190ff",
                "sha256:7fb43004bce0ca31d8f13a6eb5e943fa73371381e53f7074ed21a4cb786c32f8",
                "sha256:811daee36a58dc79cf3d8bdd4a490e4277d0e4b7d103a001a4e73ddb48e7e6aa",
                "sha256:8b5e972b43c8fc27d56550b4120fe6257fdc15f9301914380b27f74856299fea",
                "sha256:99abf4f353c3d1a0c7a5f27699482c987cf663b1eac20db59b8c7b061eabd7fc",
                "sha256:a0d53e51a6cb6f0d9082decb7a4cb6dfb33055308c4c44f53103c073f649af73",
                "sha256:a12ff4c8ddfee61f90a1633a4c4afd3f7bcb32b11c52026c92a12e1325922d0d",
                "sha256:a4646724fba402aa7504cd48b4b50e783296b5e10a524c7a6da62e4a8ac9698d",
                "sha256:a76f502430dd98d7546e1ea2250a7360c065a5fdea52b2dffe8ae7180909b6f4",
                "sha256:a9d17f2be3b427fbb2bce61e596cf555d6f8a56c222bd2ca148baeeb5e5c783c",
                "sha256:ab83f24d5c52d60dbc8cd0528759532736b56db58adaa7b5f1f76ad551416a1e",
                "sha256:aeb9ed923be74e659984e321f609b9ba54a48354bfd168d21a2b072ed1e833ea",
                "sha256:c843b3f50d1ab7361ca4f0b3639bf691569493a56808a0b0c54a051d260b7dbd",
                "sha256:cae865b1cae1ec2663d8ea56ef6ff185bad091a5e33ebbadd98de2cfa3fa668f",
                "sha256:cc6bd4fd593cb261332568485e20a0712883cf631f6f5e8e86a52caa8b2b50ff",
                "sha256:cf2402002d3d9f91c8b01e66fbb436a4ed01c6498fffed0e4c7566da1d40ee1e",
                "sha256:d051ec1c64b85ecc69531e1137bb9751c6830772ee5c1c426dbcfe98ef5788d7",
                "sha256:d6631f2e867676b13026e2846180e2c13c1e11289d67da08d71cacb2cd93d4aa",
                "sha256:dbd18bcf4889b720ba13a27ec2f2aac1981bd41203b3a3b27ba7a33f88ae4827",
                "sha256:df609c82f18c5b9f6cb97271f03315ff0dbe481a2a02e56aeb1b1a985ce38e60"
            ],
            "markers": "python_version >= '3.6'",
            "version": "==1.19.5"
        },
        "pillow": {
            "hashes": [
                "sha256:0412516dcc9de9b0a1e0ae25a280015809de8270f134cc2c1e32c4eeb397cf30",
                "sha256:04835e68ef12904bc3e1fd002b33eea0779320d4346082bd5b24bec12ad9c3e9",
                "sha256:06d1adaa284696785375fa80a6a8eb309be722cf4ef8949518beb34487a3df71",
                "sha256:085a90a99404b859a4b6c3daa42afde17cb3ad3115e44a75f0d7b4a32f06a6c9",
                "sha256:0b9911ec70731711c3b6ebcde26caea620cbdd9dcb73c67b0730c8817f24711b",
                "sha256:10e00f7336780ca7d3653cf3ac26f068fa11b5a96894ea29a64d3dc4b810d630",
                "sha256:11c27e74bab423eb3c9232d97553111cc0be81b74b47165f07ebfdd29d825875",
                "sha256:11eb7f98165d56042545c9e6db3ce394ed8b45089a67124298f0473b29cb60b2",
                "sha256:13654b521fb98abdecec105ea3fb5ba863d1548c9b58831dd5105bb3873569f1",
                "sha256:15ccb81a6ffc57ea0137f9f3ac2737ffa1d11f786244d719639df17476d399a7",
                "sha256:18a07a683805d32826c09acfce44a90bf474e6a66ce482b1c7fcd3757d588df3",
                "sha256:19ec4cfe4b961edc249b0e04b5618666c23a83bc35842dea2bfd5dfa0157f81b",
                "sha256:1c3ff00110835bdda2b1e2b07f4a2548a39744bb7de5946dc8e95517c4fb2ca6",
                "sha256:27a330bf7014ee034046db43ccbb05c766aa9e70b8d6c5260bfc38d73103b0ba",
                "sha256:2b11c9d310a3522b0fd3c35667914271f570576a0e387701f370eb39d45f08a4",
                "sha256:2c661542c6f71dfd9dc82d9d29a8386287e82813b0375b3a02983feac69ef864",
                "sha256:2cde7a4d3687f21cffdf5bb171172070bb95e02af448c4c8b2f223d783214056",
                "sha256:2d5e9dc0bf1b5d9048a94c48d0813b6c96fccfa4ccf276d9c36308840f40c228",
                "sha256:2f23b2d3079522fdf3c09de6517f625f7a964f916c956527bed805ac043799b8",
                "sha256:35d27687f027ad25a8d0ef45dd5208ef044c588003cdcedf05afb00dbc5c2deb",
                "sha256:35d409030bf3bd05fa66fb5fdedc39c521b397f61ad04309c90444e893d05f7d",
                "sha256:4326ea1e2722f3dc00ed77c36d3b5354b8fb7399fb59230249ea6d59cbed90da",
                "sha256:4abc247b31a98f29e5224f2d31ef15f86a71f79c7f4d2ac345a5d551d6393073",
                "sha256:4d89a2e9219a526401015153c0e9dd48319ea6ab9fe3b066a20aa9aee23d9fd3",
                "sha256:4e59e99fd680e2b8b11bbd463f3c9450ab799305d5f2bafb74fefba6ac058616",
                "sha256:548794f99ff52a73a156771a0402f5e1c35285bd981046a502d7e4793e8facaa",
                "sha256:56fd98c8294f57636084f4b076b75f86c57b2a63a8410c0cd172bc93695ee979",
                "sha256:59697568a0455764a094585b2551fd76bfd6b959c9f92d4bdec9d0e14616303a",
                "sha256:6bff50ba9891be0a004ef48828e012babaaf7da204d81ab9be37480b9020a82b",
                "sha256:6cb3dd7f23b044b0737317f892d399f9e2f0b3a02b22b2c692851fb8120d82c6",
                "sha256:7dbfbc0020aa1d9bc1b0b8bcf255a7d73f4ad0336f8fd2533fcc54a4ccfb9441",
                "sha256:838eb85de6d9307c19c655c726f8d13b8b646f144ca6b3771fa62b711ebf7624",
                "sha256:8b68f565a4175e12e68ca900af8910e8fe48aaa48fd3ca853494f384e11c8bcd",
                "sha256:8f284dc1695caf71a74f24993b7c7473d77bc760be45f776a2c2f4e04c170550",
                "sha256:963ebdc5365d748185fdb06daf2ac758116deecb2277ec5ae98139f93844bc09",
                "sha256:a048dad5ed6ad1fad338c02c609b862dfaa921fcd065d747194a6805f91f2196",
                "sha256:a1bd983c565f92779be456ece2479840ec39d386007cd4ae83382646293d681b",
                "sha256:a66566f8a22561fc1a88dc87606c69b84fa9ce724f99522cf922c801ec68f5c1",
                "sha256:bcb04ff12e79b28be6c9988f275e7ab69f01cc2ba319fb3114f87817bb7c74b6",
                "sha256:bd24054aaf21e70a51e2a2a5ed1183560d3a69e6f9594a4bfe360a46f94eba83",
                "sha256:be25cb93442c6d2f8702c599b51184bd3ccd83adebd08886b682173e09ef0c3f",
                "sha256:c691b26283c3a31594683217d746f1dad59a7ae1d4cfc24626d7a064a11197d4",
                "sha256:cc9d0dec711c914ed500f1d0d3822868760954dce98dfb0b7382a854aee55d19",
                "sha256:ce2e5e04bb86da6187f96d7bab3f93a7877830981b37f0287dd6479e27a10341",
                "sha256:ce651ca46d0202c302a535d3047c55a0131a720cf554a578fc1b8a2aff0e7d96",
                "sha256:d0c8ebbfd439c37624db98f3877d9ed12c137cadd99dde2d2eae0dab0bbfc355",
                "sha256:d675a876b295afa114ca8bf42d7f86b5fb1298e1b6bb9a24405a3f6c8338811c",
                "sha256:dde3f3ed8d00c72631bc19cbfff8ad3b6215062a5eed402381ad365f82f0c18c",
                "sha256:e5a31c07cea5edbaeb4bdba6f2b87db7d3dc0f446f379d907e51cc70ea375629",
                "sha256:f514c2717012859ccb349c97862568fdc0479aad85b0270d6b5a6509dbc142e2",
                "sha256:fc0db32f7223b094964e71729c0361f93db43664dd1ec86d3df217853cedda87",
                "sha256:fd4fd83aa912d7b89b4b4a1580d30e2a4242f3936882a3f433586e5ab97ed0d5",
                "sha256:feb5db446e96bfecfec078b943cc07744cc759893cef045aa8b8b6d6aaa8274e"
            ],
            "markers": "python_version >= '3.6'",
            "version": "==8.3.2"
        },
        "plac": {
            "hashes": [
                "sha256:854693ad90367e8267112ffbb8955f57d6fdeac3191791dc9ffce80f87fd2370",
                "sha256:ba3f719a018175f0a15a6b04e6cc79c25fd563d348aacd320c3644d2a9baf89b"
            ],
            "version": "==0.9.6"
        },
        "preshed": {
            "hashes": [
                "sha256:0c9af79c7b825793f987d477627efb81afd23384ac791bebbc88a257342a77ab",
                "sha256:0ebc79431154bc5d12f97b3c93bc350af941702a44f0761dfcd395e970d693f8",
                "sha256:102e71dc841c979b2ece44ab05b2b0aa39c8039493ddac40dd22cf23e2484063",
                "sha256:15145b24eded01426544be829a6395d6c99e2d62f5f3b88a6e19087ebeef7237",
                "sha256:195674dfb4bcf18b26e448feaabdf61adcf028ae69ecaa075c0bdfaf62a19671",
                "sha256:38f7fbef59f89d3b2c8c3b102f9a7360cd73a33c829fdeb101c615b18ecc4686",
                "sha256:3aa411233dc230247ea4c4558062e5b2d59d41c697107a45fddbfe03e63f3e77",
                "sha256:3b8c7b607e6dce0843544cfe4f05355db0516fce8eca0c37d6b5f4f3680493bf",
                "sha256:4bda4153d46a603bc6ea65380dfa091d46700f664cb906c7f26a469be6c2a503",
                "sha256:541d7ed765d67512d6f9fa24fd01cc1d7a51c7ff2646362924f4db46813b485a",
                "sha256:593d23b9f851ae7a4d519ca4489dd2b352d833e08f5d35795d42a591b8badb54",
                "sha256:7f6fb8f4108abe958af892847ed50abe6f45aaf45a87853cc8154a7203e75d84",
                "sha256:7ff7f18af1f19ea666ac4fbf48842e6acd900fbfdc26bb9aad02f353ff932386",
                "sha256:9c0d503d8693bf1e08e0fa1cecbcd3253146abaa9a7501d7d583a72edd29fdd1",
                "sha256:9cefe818a97134c0ddf22ef76fced1c841ebd137c2895251c5d1310276c234b5",
                "sha256:9e603916a95dc524081d54c0a135611e6f68d787185d5df2b5ab3f076c3d1bd4",
                "sha256:a2acacceac79aa6d4b65125e20c7de78fbca1340a251854c87967acef1795490",
                "sha256:a3d592e7b265b4faf08c9b4d7493b9e8604e0ba8858cc9bd8c9aee41d3df2a3a",
                "sha256:b2030e68c6f539e6dd7bfcea032940042739ef05d50a2eb1d7af24e038971b0f",
                "sha256:bc894dc14d8567a5d6a1cded0a701da7fbb360b2124237fe8acde85333825aef",
                "sha256:c21d4d10cc0248ba3facbbbfbe63211ce921478a3d5db6de34de39ee1b3484e1",
                "sha256:dae01c74313965c487e0ec839e5f28d0c7df9bfd1d978aa5bada3f72ff20a9e5",
                "sha256:ee8068035684a4b382bebb3a3f270799360545baff9742b85e627a0a889e6850"
            ],
            "version": "==2.0.1"
        },
        "pytz": {
            "hashes": [
                "sha256:83a4a90894bf38e243cf052c8b58f381bfe9a7a483f6a9cab140bc7f702ac4da",
                "sha256:eb10ce3e7736052ed3623d49975ce333bcd712c7bb19a58b9e2089d4057d0798"
            ],
            "version": "==2021.1"
        },
        "regex": {
            "hashes": [
                "sha256:079c656874ba6c2e3332df488d4eff33b94b4e260e3901dce1553cb4f1f36c73",
                "sha256:139678fc013b75e486e580c39b4c52d085ed7362e400960f8be1711a414f16b5",
                "sha256:26795107acb81bb07ef832832548834b03846eb046e5ba9a5917ee012c68c1e6",
                "sha256:28a542117efd479cff110711c28f34cb40636f670d427dc42710b5183fbd92c4",
                "sha256:3e2609e0e366b21c3db3d41159d99e7bd37e02caaba24bba77ec5cc594c62c4e",
                "sha256:45fed2f98e5ca0fc420ff31cbd9eccbee41e4d607569fddaba0faea36ef6043d",
                "sha256:47230e1af3479810b1ef2bf23768b5195588a03eea6248b678d6893c48f58082",
                "sha256:51306abdaac9e712b208066d284ddc7e3a332c77ad6054ba8d305d607609a328",
                "sha256:5f15a27c24ed4ad2ed492abe80ddf27d35d63ef6c0d8878c915de6bf9f36c6f3",
                "sha256:660990e223ef2f71cb78b4e106a9a023652a31fd305051a901b0f87171b69e24",
                "sha256:67025161b70b0625749b1b89200da59fecc2fda9d1e46f9ef588f9a4af9fc48f",
                "sha256:801e054c1aa163545d29e186a1bea779437a19b49c4da9e11049624c2d2bfd31",
                "sha256:93064faef899911a7378443fcfb1f2e93e19706a324162fc71dd996c85b24f37",
                "sha256:9c4b23f8a68470522a0cdfbdcffbe2f61d7659b5d505cb7c1a729a6805345210",
                "sha256:c1ef8f72944bef49261daaa83c7d77439f54f8deefefc0e2cf7144ac8b20ac1f"
            ],
            "version": "==2018.1.10"
        },
        "requests": {
            "hashes": [
                "sha256:6c1246513ecd5ecd4528a0906f910e8f0f9c6b8ec72030dc9fd154dc1a6efd24",
                "sha256:b8aa58f8cf793ffd8782d3d8cb19e66ef36f7aba4353eec859e74678b01b07a7"
            ],
            "markers": "python_version >= '2.7' and python_version not in '3.0, 3.1, 3.2, 3.3, 3.4, 3.5'",
            "version": "==2.26.0"
        },
        "six": {
            "hashes": [
                "sha256:1e61c37477a1626458e36f7b1d82aa5c9b094fa4802892072e49de9c60c4c926",
                "sha256:8abb2f1d86890a2dfb989f9a77cfcfd3e47c2a354b01111771326f8aa26e0254"
            ],
            "markers": "python_version >= '2.7' and python_version not in '3.0, 3.1, 3.2, 3.3'",
            "version": "==1.16.0"
        },
        "spacy": {
            "hashes": [
                "sha256:16933ca39b64845173152754232a6baa89b16f957a39f5d9ff5ee8f629107ef0",
                "sha256:25cf067bb7b64f547d496d6ab65ed5564287f9a62367caf0994e22bf25bdadad",
                "sha256:2a4fc155f8c9b03a63b2b18c11058947fb88853c43e140f0225aac626f54b1b9",
                "sha256:2b1f3f070974a03dbcae2600ffa6cdf8d5dba9cd35c23b2684a53102cb6078e5",
                "sha256:319b80c709d0f1feb1b08dba8fc8edb83a3679024ae6dfbedcf58aeb27fc8e1a",
                "sha256:3a6ec6d647f5695be7443fcc616120b17cdfb3cf0c5d0463b744e89886d25bb8",
                "sha256:41de9353994aa782deb66a14742219b205ecd59fe11290ce39c4b914d05e0fbe",
                "sha256:4e7e72a66805844a3f5b949fecddd03f9af662993fc64f73aae3b1f48dd4e5d4",
                "sha256:6c1eb3e3392485548cec9557f6f7ad7a91001c54f9740c9fb2d9dfbb03c19bfa",
                "sha256:6e9257346174b6ec758aaceac0b5a2075fd4c0fb5f8f6374160949d87e4a51a4",
                "sha256:7336675810b1cee24841935284b315d841cc8b81df396ae96da34306fee3f2b2",
                "sha256:739ba98acf242c5b823fcf8f56686d0b9e07100ab952080b61a2a6c8a3856c1f",
                "sha256:88e7f0fccf282083a5d3f3ba482034c08f8043a16786ab4047058cb055d4cb3a",
                "sha256:92e4dfb8edeabaa5ae782e2ecaa5bb856dad76ff4e6a326d06ce946bb849f209",
                "sha256:9cddc538bbb9360c15a3e60dacc9424c8a71bc59c5eadda2988d3ae939dae881",
                "sha256:a362dde319ffa1de03b8ab093e3998c6ce3522ca73cac0342a487b24af5c5881",
                "sha256:a80e9747d0a2674216de0d2ac56ba26c1e6784e3e35c500cf09e89c36c454e99",
                "sha256:aa81153834fac96b506d0088623478a91fbeb9f3f1447ec7816c3e84dd872763",
                "sha256:ad7b070565bc83a19a9317408cd8c3c262b982567642f6e38ff90c3597069325",
                "sha256:c0685dcc1ca2ea2abc6de61561d52b8b5aca279e4bc8ac461d5b425c028859df",
                "sha256:cb9e6d43959be74b1168ba7fa62554186293a7f619acc33f5e2e47c1e0ce8bed",
                "sha256:d59ffc3b1c8556fa575822329f7860d1265dcfae45e7f6ab272e11749514b62c",
                "sha256:ef8c0b2d88c948883918231dfe26b2fae747b363ee5fed79a9741e69bde5c095"
            ],
            "index": "pypi",
            "version": "==2.0.16"
        },
        "thinc": {
            "hashes": [
                "sha256:07394fc067b6ff361b56fe4bdd310fa4b991d3783cc2bc7c201d30f594818182",
                "sha256:1f957eed3cfa5fc42cc454d2a954f0ec00561286ad1b219164096efa813dc8d7",
                "sha256:2760e3a79af4e2116b28961a6a4331bf9e547ad7c4f06051c045a70c829096c3",
                "sha256:2ff44ce3d118536b26dd1ad147916392cc88f8619757174dafaaea98141f4e2e",
                "sha256:32dda224e0f0f331b2be87e503f5d3ea5be7095f9c63377e4a33d0dc33601318",
                "sha256:4be66c2b49c2a6ffeef2c5dc199122faf9af64afeade1dfdc8595fd029af2210",
                "sha256:77b601a63f5881f7d3b05ba0f24861384b856f3879bb13341b0d8f7e8fc05eb8",
                "sha256:90c59454efd7b7a54e68bdc129f411bb27661080b9eba2e2b07e68d6c74277ce",
                "sha256:ab999d890c791b90c5f2f0554a542b6ccb1eba4597479c1f377c052e8481f3f0",
                "sha256:ca80b5625df23155d69786fde0912c1a4c7337a2e6f1373c8c9b0e90535986c5",
                "sha256:e27979b6209a1ae1de53b3b554e3db175730e485799fa43e24e4bdcae850c684",
                "sha256:f2aead4c354052989ac2462d24fd98e43ebe7421282faa2a0f0c44fedac50d23"
            ],
            "version": "==6.12.1"
        },
        "toolz": {
            "hashes": [
                "sha256:1bc473acbf1a1db4e72a1ce587be347450e8f08324908b8a266b486f408f04d5",
                "sha256:c7a47921f07822fe534fb1c01c9931ab335a4390c782bd28c6bcc7c2f71f3fbf"
            ],
            "markers": "python_version >= '3.5'",
            "version": "==0.11.1"
        },
        "torch": {
            "hashes": [
                "sha256:108aef4c2744724d19d76c2344108db6abb60e86cfc9e06eb3d46386ea3b6097",
                "sha256:2acd73723a0f0bd0b8114531e78b7ad3c753a2f2c0047623043cba4dae08ae90",
                "sha256:400f50a9551c5ed2fbea9bd199e14e2ec79964dd792053802b51269eec96320b",
                "sha256:4bf7ffe72bf1af8305b6a3acbe246351f4e09a1c4d4de2364066064da56c869b",
                "sha256:725ae85be70a569583863c263e281938b21e5e92d9a8f480094555b59a82936d",
                "sha256:762eeb0ef4c6de1d9bf12616f362d979cabf1c2b988d5a90bb074adcdc30a079",
                "sha256:7e3bac584473688720e26323bf209b97c015fc4e9a12a34962df3ff7ad0ce597",
                "sha256:db668180b11144579d503041339025cc76a70bc0da877f2f91f386fe9229e292",
                "sha256:e740fb4442ab0cf6a5e5c5279b6ad3cebdeb8f30ce1dabb293cf437178f12a78"
            ],
            "index": "pypi",
            "version": "==0.4.1"
        },
        "torchtext": {
            "hashes": [
                "sha256:7b5bc7af67d9c3892bdf6f4895734768f2836c13156a783c96597168176ce2d5",
                "sha256:869e0860917b5a8660ebaa468f3cd3104a7acf3941a1f86e8e9a8ea61e78113d",
                "sha256:963160f97cf449edad1183e95d2dd0b4694225b7060a1a8b23e71bccb08022e0"
            ],
            "index": "pypi",
            "version": "==0.3.1"
        },
        "torchvision": {
            "hashes": [
                "sha256:ba0a5e7fa1646d4e7f2e5ad5802d123e17e42a1a9c026d0f79d2fd3a976afba1"
            ],
            "index": "pypi",
            "version": "==0.2.1"
        },
        "tqdm": {
            "hashes": [
                "sha256:8dd278a422499cd6b727e6ae4061c40b48fce8b76d1ccbf5d34fca9b7f925b0c",
                "sha256:d359de7217506c9851b7869f3708d8ee53ed70a1b8edbba4dbcb47442592920d"
            ],
            "markers": "python_version >= '2.7' and python_version not in '3.0, 3.1, 3.2, 3.3'",
            "version": "==4.62.3"
        },
        "typing-extensions": {
            "hashes": [
                "sha256:49f75d16ff11f1cd258e1b988ccff82a3ca5570217d7ad8c5f48205dd99a677e",
                "sha256:d8226d10bc02a29bcc81df19a26e56a9647f8b0a6d4a83924139f4a8b01f17b7",
                "sha256:f1d25edafde516b146ecd0613dabcc61409817af4766fbbcfb8d1ad4ec441a34"
            ],
            "markers": "python_version < '3.8'",
            "version": "==3.10.0.2"
        },
        "ujson": {
            "hashes": [
                "sha256:0076de81aadc287f025525969bbc1272703be92933e988e5663a76ec5863628f",
                "sha256:02f5a6acc5aa5b054c32bdccd17064c2cbd07c81b3a49449589a4552888f1961",
                "sha256:0d61ae7a505105a16220a4282dbd552bef76968203e5e4f5edfdbb03d3159e3a",
                "sha256:0db1acd8dbbf120095ce4ab118585219066ea2860332df2385a435c585036cae",
                "sha256:0ebc82847938e417092fd463e593da39a280fd12585b998e435a2a45bb7a33f7",
                "sha256:26e299caa9bfc2e532e16de38de2af48cde48258922cda5efc0dd447d42692fc",
                "sha256:26ebe3ac1e0d18d58e11dbf7cdd0459adcefd5c025ede99be7fceae47bd1bfc6",
                "sha256:32f4340c8d6a34e7fa1f9447919ebd4b6256afef0965868d51ea3cdf0694a8f7",
                "sha256:3697cae44a92c2264cf307d4cdd9ea436faa75a009d35a4097362a6bbf221a1b",
                "sha256:40235c3704ac7f29b24a7a785f856e1c45a567c8cd4b57a025f516733e358972",
                "sha256:42f8def3e44d880774f644b53b4701a46889a9506e3fdc191c314c9e2e9b2a38",
                "sha256:50ddff58727cc4f90ade4c818884c4f0fbeeb1f78f764ab2b2bc89cf1f4db126",
                "sha256:50f413177206373b3568dff28c091b2d8c9145e5e54b0a524d3823293d7a29b8",
                "sha256:535f1e5b336f7a0573da59bd9352e9cc6a93185bf4b1d96fb3379e07b4fc619a",
                "sha256:5a885675252e041e19cb92ff76419251fdd1ab4c2ca9766cb3ecfa6ae07884d2",
                "sha256:5f863b12d27867b733d380a9878fc8c3ad11d3aea8a3650c33e7a8c2a888e1eb",
                "sha256:6182898d7031d083017f9be47c6d57f9c2155d9f4391b77ed6c020cab8e5a471",
                "sha256:68088596e237dcda862c1760d1feb2236a8cc36804507a9fcfaa3ed21442ff64",
                "sha256:6bccfff9910fbe3dae6a17ec080c48fca0bfe939b18e4b2622122109d4d2570d",
                "sha256:6e8c30186eaa4f982b9b56cad30b173b71aac9d6a393d97cbcbc4ca805e87943",
                "sha256:74961587e9c1682d3e04fe29e02b67ec9c88cb0c3406ad94cc617d04c6fa6db2",
                "sha256:78f8da27231b20d589319f743bd65011862691c102922be85c9f27e40656a0f7",
                "sha256:8ec19982b7a40fb526b8ffd6edfff2c5c10556a54416d554c4bc83b1e4140a4c",
                "sha256:944dfdfae0cb4e4274a23e5070be913f7ff8f05666d8d143f2356cf873f9a77a",
                "sha256:99322e08e53580867c9909637747343354b7028a8208dc5df3d09233c8f52c30",
                "sha256:a6e27ff0f92c719de004b806d84f471fff0157679e57517092b8f89345eb3a79",
                "sha256:ab70a29914fc202f7c8f6353bb0622b91f878e2892e57a4c7293b341d5a85133",
                "sha256:adca402a97b8388c378d92c55b2bf4e8402baa5dfa059a85870a41e2f142a0d0",
                "sha256:b55dde52028f3c426197b9a928618fbb2b548172eb45824ddb19cdcdf8e493f9",
                "sha256:bac42d0131740b6f1d2b6a15f770c1fef0db97d05aba8564f3c75bb59a9c91c7",
                "sha256:bc9e2e6933ecec17a7d351116f555caee84b798076a4c5276ab1e8654c83bd90",
                "sha256:bff484c162bd77877bc9ae6333b0a684493037ce3c5d8b664e8339becf9ad139",
                "sha256:c53653a12f6ce67b12e7806c190cce1db09c75de31212a5a9adbdbd7a2aba116",
                "sha256:c7b2643b063f33e5e0d539cf2811793a7df9da525e63483f70c9262a343bd59d",
                "sha256:c9723a5e2743ded9bc6106cb04f86244dd779ad847d8ac189cfe808ab16946c1",
                "sha256:cf272e6302c62a42ed0125efcc1d891dd909bcfb3c6aa075d89de209b2b8e930",
                "sha256:d0abc1526d32ebe2f2b6fefcf82b9ee8661da3f45ecac087beee6aeaa21b39ec",
                "sha256:d9a0252da73d8b69de60811252cbfde215d76ee6eea935a519e223353352026c",
                "sha256:dd98d659365fb9271d9f9ba21160670ddfecb93deaec8a5350519a0ab3604654",
                "sha256:e7c8cffd9e45248569fa576d19b043951a3edc67cbee3dca2a6b77e6998cb1ec",
                "sha256:fa68b25c987b73fb1c83ece34e52856c2c6da3031384f72638696c56fa8baca9",
                "sha256:fae1e251d9f9362ebc4adbbb252d0f4a023f66f180390624826fcb1812b808e9",
                "sha256:ff0ae4b1dc70c3362b04f4127e228b17e84946de611f85b32f565b990762deaf",
                "sha256:fffe509f556861c7343c6cba57ed05fe7bcf4b48a934a5b946ccb45428cf8883"
            ],
            "markers": "python_version >= '3.6'",
            "version": "==4.2.0"
        },
        "urllib3": {
            "hashes": [
                "sha256:4987c65554f7a2dbf30c18fd48778ef124af6fab771a377103da0585e2336ece",
                "sha256:c4fdf4019605b6e5423637e01bc9fe4daef873709a7973e195ceba0a62bbc844"
            ],
            "markers": "python_version >= '2.7' and python_version not in '3.0, 3.1, 3.2, 3.3, 3.4' and python_version < '4'",
            "version": "==1.26.7"
        },
        "wrapt": {
            "hashes": [
                "sha256:d4d560d479f2c21e1b5443bbd15fe7ec4b37fe7e53d335d3b9b0a7b1226fe3c6"
            ],
            "version": "==1.10.11"
        },
        "zipp": {
            "hashes": [
                "sha256:71c644c5369f4a6e07636f0aa966270449561fcea2e3d6747b8d23efaa9d7832",
                "sha256:9fe5ea21568a0a70e50f273397638d39b03353731e6cbbb3fd8502a33fec40bc"
            ],
            "markers": "python_version >= '3.6'",
            "version": "==3.6.0"
        }
    },
    "develop": {
        "django-extensions": {
            "hashes": [
                "sha256:30cb6a8c7d6f75a55edf0c0c4491bd98f8264ae1616ce105f9cecac4387edd07",
                "sha256:4ad86a7a5e84f1c77db030761ae87a600647250c652030a2b71a16e87f3a3d62"
            ],
            "index": "pypi",
            "version": "==2.1.3"
        },
        "six": {
            "hashes": [
                "sha256:1e61c37477a1626458e36f7b1d82aa5c9b094fa4802892072e49de9c60c4c926",
                "sha256:8abb2f1d86890a2dfb989f9a77cfcfd3e47c2a354b01111771326f8aa26e0254"
            ],
            "markers": "python_version >= '2.7' and python_version not in '3.0, 3.1, 3.2, 3.3'",
            "version": "==1.16.0"
        }
    }
}
